
Microsoft Visual Studio Solution File, Format Version 12.00
# Visual Studio Version 17
VisualStudioVersion = 17.8.34511.84
MinimumVisualStudioVersion = 10.0.40219.1
Project("{888888A0-9F3D-457C-B088-3A5042F75D52}") = "Hi", "Hi.pyproj", "{2794FCE6-2F6C-4BF5-A155-8C03B69D3949}"
EndProject
Global
	GlobalSection(SolutionConfigurationPlatforms) = preSolution
		Debug|Any CPU = Debug|Any CPU
		Release|Any CPU = Release|Any CPU
	EndGlobalSection
	GlobalSection(ProjectConfigurationPlatforms) = postSolution
		{2794FCE6-2F6C-4BF5-A155-8C03B69D3949}.Debug|Any CPU.ActiveCfg = Debug|Any CPU
		{2794FCE6-2F6C-4BF5-A155-8C03B69D3949}.Release|Any CPU.ActiveCfg = Release|Any CPU
	EndGlobalSection
	GlobalSection(SolutionProperties) = preSolution
		HideSolutionNode = FALSE
	EndGlobalSection
	GlobalSection(ExtensibilityGlobals) = postSolution
		SolutionGuid = {609ABA69-B221-4D54-8776-F5230C3266EA}
	EndGlobalSection
EndGlobal
